Microsoft Visual Studio Solution File, Format Version 12.00
# Visual Studio Version 17
VisualStudioVersion = 17.5.2.0
MinimumVisualStudioVersion = 10.0.40219.1
Project("{FAE04EC0-301F-11D3-BF4B-00C04F79EFBC}") = "GolfTaskManager", "GolfTaskManager.csproj", "{367CC891-0237-3ABB-0E37-C8AF492344CF}"
EndProject
Global
	GlobalSection(SolutionConfigurationPlatforms) = preSolution
		Debug|Any CPU = Debug|Any CPU
		Release|Any CPU = Release|Any CPU
	EndGlobalSection
	GlobalSection(ProjectConfigurationPlatforms) = postSolution
		{367CC891-0237-3ABB-0E37-C8AF492344CF}.Debug|Any CPU.ActiveCfg = Debug|Any CPU
		{367CC891-0237-3ABB-0E37-C8AF492344CF}.Debug|Any CPU.Build.0 = Debug|Any CPU
		{367CC891-0237-3ABB-0E37-C8AF492344CF}.Release|Any CPU.ActiveCfg = Release|Any CPU
		{367CC891-0237-3ABB-0E37-C8AF492344CF}.Release|Any CPU.Build.0 = Release|Any CPU
	EndGlobalSection
	GlobalSection(SolutionProperties) = preSolution
		HideSolutionNode = FALSE
	EndGlobalSection
	GlobalSection(ExtensibilityGlobals) = postSolution
		SolutionGuid = {DCC03F11-1086-45C5-B5A5-8D1DE8D14039}
	EndGlobalSection
EndGlobal
